<?xml version="1.0" encoding="UTF-8"?>
<Project ToolsVersion="15.0" xmlns="http://schemas.microsoft.com/developer/msbuild/2003">
  <ItemGroup>
    <ClCompile Include="D:\DSEmu\src\gl3w.c">
      <Filter>Source Files</Filter>
    </ClCompile>
    <ClCompile Include="D:\DSEmu\src\DSEmu.cpp">
      <Filter>Source Files</Filter>
    </ClCompile>
    <ClCompile Include="D:\DSEmu\src\core\DSSystem.cpp">
      <Filter>Source Files</Filter>
    </ClCompile>
    <ClCompile Include="D:\DSEmu\src\core\bios\BIOS.cpp">
      <Filter>Source Files</Filter>
    </ClCompile>
    <ClCompile Include="D:\DSEmu\src\core\cartridge\DSCartridge.cpp">
      <Filter>Source Files</Filter>
    </ClCompile>
    <ClCompile Include="D:\DSEmu\src\core\cartridge\DSCartridgeHeader.cpp">
      <Filter>Source Files</Filter>
    </ClCompile>
    <ClCompile Include="D:\DSEmu\src\core\cartridge\DSCartridgeLoader.cpp">
      <Filter>Source Files</Filter>
    </ClCompile>
    <ClCompile Include="D:\DSEmu\src\core\cpu\ALU.cpp">
      <Filter>Source Files</Filter>
    </ClCompile>
    <ClCompile Include="D:\DSEmu\src\core\cpu\ARM.cpp">
      <Filter>Source Files</Filter>
    </ClCompile>
    <ClCompile Include="D:\DSEmu\src\core\cpu\ARM7.cpp">
      <Filter>Source Files</Filter>
    </ClCompile>
    <ClCompile Include="D:\DSEmu\src\core\cpu\ARM9.cpp">
      <Filter>Source Files</Filter>
    </ClCompile>
    <ClCompile Include="D:\DSEmu\src\core\cpu\BarrelShifter.cpp">
      <Filter>Source Files</Filter>
    </ClCompile>
    <ClCompile Include="D:\DSEmu\src\core\cpu\CP.cpp">
      <Filter>Source Files</Filter>
    </ClCompile>
    <ClCompile Include="D:\DSEmu\src\core\cpu\CP14.cpp">
      <Filter>Source Files</Filter>
    </ClCompile>
    <ClCompile Include="D:\DSEmu\src\core\cpu\CP15.cpp">
      <Filter>Source Files</Filter>
    </ClCompile>
    <ClCompile Include="D:\DSEmu\src\core\cpu\inst\BranchInstruction.cpp">
      <Filter>Source Files</Filter>
    </ClCompile>
    <ClCompile Include="D:\DSEmu\src\core\cpu\inst\DataProcessingInstruction.cpp">
      <Filter>Source Files</Filter>
    </ClCompile>
    <ClCompile Include="D:\DSEmu\src\core\cpu\inst\HalfwordDataTransferInstruction.cpp">
      <Filter>Source Files</Filter>
    </ClCompile>
    <ClCompile Include="D:\DSEmu\src\core\cpu\inst\Instruction.cpp">
      <Filter>Source Files</Filter>
    </ClCompile>
    <ClCompile Include="D:\DSEmu\src\core\cpu\inst\InstructionDecoder.cpp">
      <Filter>Source Files</Filter>
    </ClCompile>
    <ClCompile Include="D:\DSEmu\src\core\cpu\inst\SingleDataTransferInstruction.cpp">
      <Filter>Source Files</Filter>
    </ClCompile>
    <ClCompile Include="D:\DSEmu\src\core\display\DisplayEngine.cpp">
      <Filter>Source Files</Filter>
    </ClCompile>
    <ClCompile Include="D:\DSEmu\src\core\display\DisplayEngineA.cpp">
      <Filter>Source Files</Filter>
    </ClCompile>
    <ClCompile Include="D:\DSEmu\src\core\display\DisplayEngineB.cpp">
      <Filter>Source Files</Filter>
    </ClCompile>
    <ClCompile Include="D:\DSEmu\src\core\gpu\GPU.cpp">
      <Filter>Source Files</Filter>
    </ClCompile>
    <ClCompile Include="D:\DSEmu\src\core\memory\Memory.cpp">
      <Filter>Source Files</Filter>
    </ClCompile>
    <ClCompile Include="D:\DSEmu\src\core\memory\MemoryMap.cpp">
      <Filter>Source Files</Filter>
    </ClCompile>
    <ClCompile Include="D:\DSEmu\src\core\memory\SharedMemoryMap.cpp">
      <Filter>Source Files</Filter>
    </ClCompile>
    <ClCompile Include="D:\DSEmu\src\core\video\VideoGL.cpp">
      <Filter>Source Files</Filter>
    </ClCompile>
    <ClCompile Include="D:\DSEmu\src\main.cpp">
      <Filter>Source Files</Filter>
    </ClCompile>
    <ClCompile Include="D:\DSEmu\src\util\Bits.cpp">
      <Filter>Source Files</Filter>
    </ClCompile>
    <ClCompile Include="D:\DSEmu\src\util\Logger.cpp">
      <Filter>Source Files</Filter>
    </ClCompile>
    <ClCompile Include="D:\DSEmu\src\util\Pointer.cpp">
      <Filter>Source Files</Filter>
    </ClCompile>
    <ClCompile Include="D:\DSEmu\src\util\String.cpp">
      <Filter>Source Files</Filter>
    </ClCompile>
  </ItemGroup>
  <ItemGroup>
    <ClInclude Include="D:\DSEmu\include\GL\gl3w.h">
      <Filter>Header Files</Filter>
    </ClInclude>
    <ClInclude Include="D:\DSEmu\include\GL\glcorearb.h">
      <Filter>Header Files</Filter>
    </ClInclude>
    <ClInclude Include="D:\DSEmu\include\GLFW\glfw3.h">
      <Filter>Header Files</Filter>
    </ClInclude>
    <ClInclude Include="D:\DSEmu\include\GLFW\glfw3native.h">
      <Filter>Header Files</Filter>
    </ClInclude>
    <ClInclude Include="D:\DSEmu\include\ALU.hpp">
      <Filter>Header Files</Filter>
    </ClInclude>
    <ClInclude Include="D:\DSEmu\include\ARM.hpp">
      <Filter>Header Files</Filter>
    </ClInclude>
    <ClInclude Include="D:\DSEmu\include\ARM7.hpp">
      <Filter>Header Files</Filter>
    </ClInclude>
    <ClInclude Include="D:\DSEmu\include\ARM9.hpp">
      <Filter>Header Files</Filter>
    </ClInclude>
    <ClInclude Include="D:\DSEmu\include\BIOS.hpp">
      <Filter>Header Files</Filter>
    </ClInclude>
    <ClInclude Include="D:\DSEmu\include\BarrelShifter.hpp">
      <Filter>Header Files</Filter>
    </ClInclude>
    <ClInclude Include="D:\DSEmu\include\Bits.hpp">
      <Filter>Header Files</Filter>
    </ClInclude>
    <ClInclude Include="D:\DSEmu\include\BranchInstruction.hpp">
      <Filter>Header Files</Filter>
    </ClInclude>
    <ClInclude Include="D:\DSEmu\include\CMPOperation.hpp">
      <Filter>Header Files</Filter>
    </ClInclude>
    <ClInclude Include="D:\DSEmu\include\CP.hpp">
      <Filter>Header Files</Filter>
    </ClInclude>
    <ClInclude Include="D:\DSEmu\include\CP14.hpp">
      <Filter>Header Files</Filter>
    </ClInclude>
    <ClInclude Include="D:\DSEmu\include\CP15.hpp">
      <Filter>Header Files</Filter>
    </ClInclude>
    <ClInclude Include="D:\DSEmu\include\Condition.hpp">
      <Filter>Header Files</Filter>
    </ClInclude>
    <ClInclude Include="D:\DSEmu\include\DSCartridge.hpp">
      <Filter>Header Files</Filter>
    </ClInclude>
    <ClInclude Include="D:\DSEmu\include\DSCartridgeHeader.hpp">
      <Filter>Header Files</Filter>
    </ClInclude>
    <ClInclude Include="D:\DSEmu\include\DSCartridgeLoader.hpp">
      <Filter>Header Files</Filter>
    </ClInclude>
    <ClInclude Include="D:\DSEmu\include\DSEmu.hpp">
      <Filter>Header Files</Filter>
    </ClInclude>
    <ClInclude Include="D:\DSEmu\include\DSSystem.hpp">
      <Filter>Header Files</Filter>
    </ClInclude>
    <ClInclude Include="D:\DSEmu\include\DataProcessingInstruction.hpp">
      <Filter>Header Files</Filter>
    </ClInclude>
    <ClInclude Include="D:\DSEmu\include\DisplayEngine.hpp">
      <Filter>Header Files</Filter>
    </ClInclude>
    <ClInclude Include="D:\DSEmu\include\DisplayEngineA.hpp">
      <Filter>Header Files</Filter>
    </ClInclude>
    <ClInclude Include="D:\DSEmu\include\DisplayEngineB.hpp">
      <Filter>Header Files</Filter>
    </ClInclude>
    <ClInclude Include="D:\DSEmu\include\GPU.hpp">
      <Filter>Header Files</Filter>
    </ClInclude>
    <ClInclude Include="D:\DSEmu\include\HalfwordDataTransferInstruction.hpp">
      <Filter>Header Files</Filter>
    </ClInclude>
    <ClInclude Include="D:\DSEmu\include\Instruction.hpp">
      <Filter>Header Files</Filter>
    </ClInclude>
    <ClInclude Include="D:\DSEmu\include\InstructionDecoder.hpp">
      <Filter>Header Files</Filter>
    </ClInclude>
    <ClInclude Include="D:\DSEmu\include\InstructionExecutionStage.hpp">
      <Filter>Header Files</Filter>
    </ClInclude>
    <ClInclude Include="D:\DSEmu\include\Logger.hpp">
      <Filter>Header Files</Filter>
    </ClInclude>
    <ClInclude Include="D:\DSEmu\include\MOVOperation.hpp">
      <Filter>Header Files</Filter>
    </ClInclude>
    <ClInclude Include="D:\DSEmu\include\Memory.hpp">
      <Filter>Header Files</Filter>
    </ClInclude>
    <ClInclude Include="D:\DSEmu\include\MemoryMap.hpp">
      <Filter>Header Files</Filter>
    </ClInclude>
    <ClInclude Include="D:\DSEmu\include\Opcode.hpp">
      <Filter>Header Files</Filter>
    </ClInclude>
    <ClInclude Include="D:\DSEmu\include\Pointer.hpp">
      <Filter>Header Files</Filter>
    </ClInclude>
    <ClInclude Include="D:\DSEmu\include\ProcessorMode.hpp">
      <Filter>Header Files</Filter>
    </ClInclude>
    <ClInclude Include="D:\DSEmu\include\ProcessorState.hpp">
      <Filter>Header Files</Filter>
    </ClInclude>
    <ClInclude Include="D:\DSEmu\include\Register.hpp">
      <Filter>Header Files</Filter>
    </ClInclude>
    <ClInclude Include="D:\DSEmu\include\SUBOperation.hpp">
      <Filter>Header Files</Filter>
    </ClInclude>
    <ClInclude Include="D:\DSEmu\include\SharedMemoryMap.hpp">
      <Filter>Header Files</Filter>
    </ClInclude>
    <ClInclude Include="D:\DSEmu\include\SingleDataTransferInstruction.hpp">
      <Filter>Header Files</Filter>
    </ClInclude>
    <ClInclude Include="D:\DSEmu\include\String.hpp">
      <Filter>Header Files</Filter>
    </ClInclude>
    <ClInclude Include="D:\DSEmu\include\VRAM.hpp">
      <Filter>Header Files</Filter>
    </ClInclude>
    <ClInclude Include="D:\DSEmu\include\VideoGL.hpp">
      <Filter>Header Files</Filter>
    </ClInclude>
  </ItemGroup>
  <ItemGroup>
    <CustomBuild Include="D:\DSEmu\CMakeLists.txt" />
  </ItemGroup>
  <ItemGroup>
    <Filter Include="Source Files">
      <UniqueIdentifier>{F1174D1B-0A70-36F8-BFDA-96009B784A68}</UniqueIdentifier>
    </Filter>
    <Filter Include="Header Files">
      <UniqueIdentifier>{8DECD660-F130-3C1E-B37D-ACF74E051DC6}</UniqueIdentifier>
    </Filter>
  </ItemGroup>
</Project>
