Microsoft Visual Studio Solution File, Format Version 12.00
# Visual Studio 15
VisualStudioVersion = 15.0.28010.2048
MinimumVisualStudioVersion = 10.0.40219.1
Project("{2150E333-8FDC-42A3-9474-1A3956D46DE8}") = "CMakePredefinedTargets", "CMakePredefinedTargets", "{F4006FC3-A049-3EC0-8419-DF6ED68E05FB}"
EndProject
Project("{2150E333-8FDC-42A3-9474-1A3956D46DE8}") = "GLFW3", "GLFW3", "{3C699A50-823C-3BF2-AAB4-1509DB2253F9}"
EndProject
Project("{8BC9CEB8-8B4A-11D0-8D11-00A0C91BC942}") = "ALL_BUILD", "ALL_BUILD.vcxproj", "{6C6C31DD-1BD3-349B-BB94-8CFA9FFB4A7F}"
	ProjectSection(ProjectDependencies) = postProject
		{65227C03-1A28-3AA6-A8CA-377F568DF878} = {65227C03-1A28-3AA6-A8CA-377F568DF878}
		{E31F7A96-B5C6-3EBD-8BBF-17662447E867} = {E31F7A96-B5C6-3EBD-8BBF-17662447E867}
		{57C23E2F-0C9A-31EF-9EF6-AB86B68C2AB2} = {57C23E2F-0C9A-31EF-9EF6-AB86B68C2AB2}
	EndProjectSection
EndProject
Project("{8BC9CEB8-8B4A-11D0-8D11-00A0C91BC942}") = "DSEmu", "DSEmu.vcxproj", "{65227C03-1A28-3AA6-A8CA-377F568DF878}"
	ProjectSection(ProjectDependencies) = postProject
		{E31F7A96-B5C6-3EBD-8BBF-17662447E867} = {E31F7A96-B5C6-3EBD-8BBF-17662447E867}
		{57C23E2F-0C9A-31EF-9EF6-AB86B68C2AB2} = {57C23E2F-0C9A-31EF-9EF6-AB86B68C2AB2}
	EndProjectSection
EndProject
Project("{8BC9CEB8-8B4A-11D0-8D11-00A0C91BC942}") = "INSTALL", "INSTALL.vcxproj", "{B5F9BCAA-6F80-3C10-94DD-1473DDFE6D7E}"
	ProjectSection(ProjectDependencies) = postProject
		{6C6C31DD-1BD3-349B-BB94-8CFA9FFB4A7F} = {6C6C31DD-1BD3-349B-BB94-8CFA9FFB4A7F}
		{E31F7A96-B5C6-3EBD-8BBF-17662447E867} = {E31F7A96-B5C6-3EBD-8BBF-17662447E867}
	EndProjectSection
EndProject
Project("{8BC9CEB8-8B4A-11D0-8D11-00A0C91BC942}") = "ZERO_CHECK", "ZERO_CHECK.vcxproj", "{E31F7A96-B5C6-3EBD-8BBF-17662447E867}"
EndProject
Project("{8BC9CEB8-8B4A-11D0-8D11-00A0C91BC942}") = "glfw", "lib\glfw\src\glfw.vcxproj", "{57C23E2F-0C9A-31EF-9EF6-AB86B68C2AB2}"
	ProjectSection(ProjectDependencies) = postProject
		{E31F7A96-B5C6-3EBD-8BBF-17662447E867} = {E31F7A96-B5C6-3EBD-8BBF-17662447E867}
	EndProjectSection
EndProject
Project("{8BC9CEB8-8B4A-11D0-8D11-00A0C91BC942}") = "uninstall", "lib\glfw\uninstall.vcxproj", "{6C441015-A81B-3169-87E8-A35ADB61D7B2}"
	ProjectSection(ProjectDependencies) = postProject
		{E31F7A96-B5C6-3EBD-8BBF-17662447E867} = {E31F7A96-B5C6-3EBD-8BBF-17662447E867}
	EndProjectSection
EndProject
Global
	GlobalSection(SolutionConfigurationPlatforms) = preSolution
		Debug|Win32 = Debug|Win32
		MinSizeRel|Win32 = MinSizeRel|Win32
		Release|Win32 = Release|Win32
		RelWithDebInfo|Win32 = RelWithDebInfo|Win32
	EndGlobalSection
	GlobalSection(ProjectConfigurationPlatforms) = postSolution
		{6C6C31DD-1BD3-349B-BB94-8CFA9FFB4A7F}.Debug|Win32.ActiveCfg = Debug|Win32
		{6C6C31DD-1BD3-349B-BB94-8CFA9FFB4A7F}.MinSizeRel|Win32.ActiveCfg = MinSizeRel|Win32
		{6C6C31DD-1BD3-349B-BB94-8CFA9FFB4A7F}.MinSizeRel|Win32.Build.0 = MinSizeRel|Win32
		{6C6C31DD-1BD3-349B-BB94-8CFA9FFB4A7F}.Release|Win32.ActiveCfg = Release|Win32
		{6C6C31DD-1BD3-349B-BB94-8CFA9FFB4A7F}.Release|Win32.Build.0 = Release|Win32
		{6C6C31DD-1BD3-349B-BB94-8CFA9FFB4A7F}.RelWithDebInfo|Win32.ActiveCfg = RelWithDebInfo|Win32
		{6C6C31DD-1BD3-349B-BB94-8CFA9FFB4A7F}.RelWithDebInfo|Win32.Build.0 = RelWithDebInfo|Win32
		{65227C03-1A28-3AA6-A8CA-377F568DF878}.Debug|Win32.ActiveCfg = Debug|Win32
		{65227C03-1A28-3AA6-A8CA-377F568DF878}.Debug|Win32.Build.0 = Debug|Win32
		{65227C03-1A28-3AA6-A8CA-377F568DF878}.MinSizeRel|Win32.ActiveCfg = MinSizeRel|Win32
		{65227C03-1A28-3AA6-A8CA-377F568DF878}.MinSizeRel|Win32.Build.0 = MinSizeRel|Win32
		{65227C03-1A28-3AA6-A8CA-377F568DF878}.Release|Win32.ActiveCfg = Release|Win32
		{65227C03-1A28-3AA6-A8CA-377F568DF878}.Release|Win32.Build.0 = Release|Win32
		{65227C03-1A28-3AA6-A8CA-377F568DF878}.RelWithDebInfo|Win32.ActiveCfg = RelWithDebInfo|Win32
		{65227C03-1A28-3AA6-A8CA-377F568DF878}.RelWithDebInfo|Win32.Build.0 = RelWithDebInfo|Win32
		{B5F9BCAA-6F80-3C10-94DD-1473DDFE6D7E}.Debug|Win32.ActiveCfg = Debug|Win32
		{B5F9BCAA-6F80-3C10-94DD-1473DDFE6D7E}.MinSizeRel|Win32.ActiveCfg = MinSizeRel|Win32
		{B5F9BCAA-6F80-3C10-94DD-1473DDFE6D7E}.Release|Win32.ActiveCfg = Release|Win32
		{B5F9BCAA-6F80-3C10-94DD-1473DDFE6D7E}.RelWithDebInfo|Win32.ActiveCfg = RelWithDebInfo|Win32
		{E31F7A96-B5C6-3EBD-8BBF-17662447E867}.Debug|Win32.ActiveCfg = Debug|Win32
		{E31F7A96-B5C6-3EBD-8BBF-17662447E867}.MinSizeRel|Win32.ActiveCfg = MinSizeRel|Win32
		{E31F7A96-B5C6-3EBD-8BBF-17662447E867}.MinSizeRel|Win32.Build.0 = MinSizeRel|Win32
		{E31F7A96-B5C6-3EBD-8BBF-17662447E867}.Release|Win32.ActiveCfg = Release|Win32
		{E31F7A96-B5C6-3EBD-8BBF-17662447E867}.Release|Win32.Build.0 = Release|Win32
		{E31F7A96-B5C6-3EBD-8BBF-17662447E867}.RelWithDebInfo|Win32.ActiveCfg = RelWithDebInfo|Win32
		{E31F7A96-B5C6-3EBD-8BBF-17662447E867}.RelWithDebInfo|Win32.Build.0 = RelWithDebInfo|Win32
		{57C23E2F-0C9A-31EF-9EF6-AB86B68C2AB2}.Debug|Win32.ActiveCfg = Debug|Win32
		{57C23E2F-0C9A-31EF-9EF6-AB86B68C2AB2}.MinSizeRel|Win32.ActiveCfg = MinSizeRel|Win32
		{57C23E2F-0C9A-31EF-9EF6-AB86B68C2AB2}.MinSizeRel|Win32.Build.0 = MinSizeRel|Win32
		{57C23E2F-0C9A-31EF-9EF6-AB86B68C2AB2}.Release|Win32.ActiveCfg = Release|Win32
		{57C23E2F-0C9A-31EF-9EF6-AB86B68C2AB2}.Release|Win32.Build.0 = Release|Win32
		{57C23E2F-0C9A-31EF-9EF6-AB86B68C2AB2}.RelWithDebInfo|Win32.ActiveCfg = RelWithDebInfo|Win32
		{57C23E2F-0C9A-31EF-9EF6-AB86B68C2AB2}.RelWithDebInfo|Win32.Build.0 = RelWithDebInfo|Win32
		{6C441015-A81B-3169-87E8-A35ADB61D7B2}.Debug|Win32.ActiveCfg = Debug|Win32
		{6C441015-A81B-3169-87E8-A35ADB61D7B2}.MinSizeRel|Win32.ActiveCfg = MinSizeRel|Win32
		{6C441015-A81B-3169-87E8-A35ADB61D7B2}.Release|Win32.ActiveCfg = Release|Win32
		{6C441015-A81B-3169-87E8-A35ADB61D7B2}.RelWithDebInfo|Win32.ActiveCfg = RelWithDebInfo|Win32
	EndGlobalSection
	GlobalSection(SolutionProperties) = preSolution
		HideSolutionNode = FALSE
	EndGlobalSection
	GlobalSection(NestedProjects) = preSolution
		{6C6C31DD-1BD3-349B-BB94-8CFA9FFB4A7F} = {F4006FC3-A049-3EC0-8419-DF6ED68E05FB}
		{B5F9BCAA-6F80-3C10-94DD-1473DDFE6D7E} = {F4006FC3-A049-3EC0-8419-DF6ED68E05FB}
		{E31F7A96-B5C6-3EBD-8BBF-17662447E867} = {F4006FC3-A049-3EC0-8419-DF6ED68E05FB}
		{57C23E2F-0C9A-31EF-9EF6-AB86B68C2AB2} = {3C699A50-823C-3BF2-AAB4-1509DB2253F9}
		{6C441015-A81B-3169-87E8-A35ADB61D7B2} = {3C699A50-823C-3BF2-AAB4-1509DB2253F9}
	EndGlobalSection
	GlobalSection(ExtensibilityGlobals) = postSolution
		SolutionGuid = {D069D289-E4D6-3F05-B456-19FD613E5E08}
	EndGlobalSection
EndGlobal
