<?xml version="1.0" encoding="UTF-8"?>
<Project ToolsVersion="15.0" xmlns="http://schemas.microsoft.com/developer/msbuild/2003">
  <ItemGroup>
    <CustomBuild Include="D:\DSEmu\CMakeFiles\4339c7c8cd6c5c8ffc620f9ca99b9ca8\generate.stamp.rule">
      <Filter>CMake Rules</Filter>
    </CustomBuild>
  </ItemGroup>
  <ItemGroup>
    <Filter Include="CMake Rules">
      <UniqueIdentifier>{4EFCD38E-5B14-3131-A2E5-63776A6F4407}</UniqueIdentifier>
    </Filter>
  </ItemGroup>
</Project>
